
Microsoft Visual Studio Solution File, Format Version 12.00
# Visual Studio Version 17
VisualStudioVersion = 17.7.34202.233
MinimumVisualStudioVersion = 10.0.40219.1
Project("{FAE04EC0-301F-11D3-BF4B-00C04F79EFBC}") = "PicturesAlbumAPI", "PhotoAlbumAPI\PicturesAlbumAPI.csproj", "{56D5ACF5-5633-4216-8FC7-43599FC92B61}"
EndProject
Project("{FAE04EC0-301F-11D3-BF4B-00C04F79EFBC}") = "PicturesAlbum.Infrastructure", "PhotoAlbum.Infrastructure\PicturesAlbum.Infrastructure.csproj", "{3090DBAD-E98C-408B-94E1-C341384A7D9A}"
EndProject
Project("{FAE04EC0-301F-11D3-BF4B-00C04F79EFBC}") = "PicturesAlbum.Core", "PhotoAlbum.Core\PicturesAlbum.Core.csproj", "{8D1489AE-35C8-4BC9-BDB3-3EBB51761B12}"
EndProject
Global
	GlobalSection(SolutionConfigurationPlatforms) = preSolution
		Debug|Any CPU = Debug|Any CPU
		Release|Any CPU = Release|Any CPU
	EndGlobalSection
	GlobalSection(ProjectConfigurationPlatforms) = postSolution
		{56D5ACF5-5633-4216-8FC7-43599FC92B61}.Debug|Any CPU.ActiveCfg = Debug|Any CPU
		{56D5ACF5-5633-4216-8FC7-43599FC92B61}.Debug|Any CPU.Build.0 = Debug|Any CPU
		{56D5ACF5-5633-4216-8FC7-43599FC92B61}.Release|Any CPU.ActiveCfg = Release|Any CPU
		{56D5ACF5-5633-4216-8FC7-43599FC92B61}.Release|Any CPU.Build.0 = Release|Any CPU
		{3090DBAD-E98C-408B-94E1-C341384A7D9A}.Debug|Any CPU.ActiveCfg = Debug|Any CPU
		{3090DBAD-E98C-408B-94E1-C341384A7D9A}.Debug|Any CPU.Build.0 = Debug|Any CPU
		{3090DBAD-E98C-408B-94E1-C341384A7D9A}.Release|Any CPU.ActiveCfg = Release|Any CPU
		{3090DBAD-E98C-408B-94E1-C341384A7D9A}.Release|Any CPU.Build.0 = Release|Any CPU
		{8D1489AE-35C8-4BC9-BDB3-3EBB51761B12}.Debug|Any CPU.ActiveCfg = Debug|Any CPU
		{8D1489AE-35C8-4BC9-BDB3-3EBB51761B12}.Debug|Any CPU.Build.0 = Debug|Any CPU
		{8D1489AE-35C8-4BC9-BDB3-3EBB51761B12}.Release|Any CPU.ActiveCfg = Release|Any CPU
		{8D1489AE-35C8-4BC9-BDB3-3EBB51761B12}.Release|Any CPU.Build.0 = Release|Any CPU
	EndGlobalSection
	GlobalSection(SolutionProperties) = preSolution
		HideSolutionNode = FALSE
	EndGlobalSection
	GlobalSection(ExtensibilityGlobals) = postSolution
		SolutionGuid = {99F59200-485E-47A0-BFBE-E7FC5662397C}
	EndGlobalSection
EndGlobal
